// !$*UTF8*$!
{
	archiveVersion = 1;
	classes = {
	};
	objectVersion = 46;
	objects = {

/* Begin PBXBuildFile section */
		BA1F8A951741FFC300F91ECD /* blackButton@2x.png in Resources */ = {isa = PBXBuildFile; fileRef = BA1F8A931741FFC300F91ECD /* blackButton@2x.png */; };
		BA1F8A961741FFC300F91ECD /* blackButton.png in Resources */ = {isa = PBXBuildFile; fileRef = BA1F8A941741FFC300F91ECD /* blackButton.png */; };
		BA1F8A991742006500F91ECD /* blackButtonHighlight@2x.png in Resources */ = {isa = PBXBuildFile; fileRef = BA1F8A971742006500F91ECD /* blackButtonHighlight@2x.png */; };
		BA1F8A9A1742006500F91ECD /* blackButtonHighlight.png in Resources */ = {isa = PBXBuildFile; fileRef = BA1F8A981742006500F91ECD /* blackButtonHighlight.png */; };
		BA1F8A9F174205C600F91ECD /* Default-Landscape.png in Resources */ = {isa = PBXBuildFile; fileRef = BA1F8A9C174205C600F91ECD /* Default-Landscape.png */; };
		BA1F8AA0174205C600F91ECD /* Default-Portrait.png in Resources */ = {isa = PBXBuildFile; fileRef = BA1F8A9D174205C600F91ECD /* Default-Portrait.png */; };
		BA1F8AA41742063600F91ECD /* Default@2x.png in Resources */ = {isa = PBXBuildFile; fileRef = BA1F8AA31742063600F91ECD /* Default@2x.png */; };
		BA1F8AA71742088B00F91ECD /* Default-Landscape@2x.png in Resources */ = {isa = PBXBuildFile; fileRef = BA1F8AA51742088B00F91ECD /* Default-Landscape@2x.png */; };
		BA1F8AA81742088B00F91ECD /* Default-Portrait@2x.png in Resources */ = {isa = PBXBuildFile; fileRef = BA1F8AA61742088B00F91ECD /* Default-Portrait@2x.png */; };
		BA5A265A172A2E76006B5B25 /* UIKit.framework in Frameworks */ = {isa = PBXBuildFile; fileRef = BA5A2659172A2E76006B5B25 /* UIKit.framework */; };
		BA5A265C172A2E76006B5B25 /* Foundation.framework in Frameworks */ = {isa = PBXBuildFile; fileRef = BA5A265B172A2E76006B5B25 /* Foundation.framework */; };
		BA5A265E172A2E76006B5B25 /* CoreGraphics.framework in Frameworks */ = {isa = PBXBuildFile; fileRef = BA5A265D172A2E76006B5B25 /* CoreGraphics.framework */; };
		BA5A2664172A2E76006B5B25 /* InfoPlist.strings in Resources */ = {isa = PBXBuildFile; fileRef = BA5A2662172A2E76006B5B25 /* InfoPlist.strings */; };
		BA5A2666172A2E76006B5B25 /* main.m in Sources */ = {isa = PBXBuildFile; fileRef = BA5A2665172A2E76006B5B25 /* main.m */; };
		BA5A266A172A2E76006B5B25 /* AppDelegate.m in Sources */ = {isa = PBXBuildFile; fileRef = BA5A2669172A2E76006B5B25 /* AppDelegate.m */; };
		BA5A266C172A2E76006B5B25 /* Default.png in Resources */ = {isa = PBXBuildFile; fileRef = BA5A266B172A2E76006B5B25 /* Default.png */; };
		BA5A2673172A2E76006B5B25 /* ViewController.m in Sources */ = {isa = PBXBuildFile; fileRef = BA5A2672172A2E76006B5B25 /* ViewController.m */; };
		BA5A2676172A2E76006B5B25 /* ViewController_iPhone.xib in Resources */ = {isa = PBXBuildFile; fileRef = BA5A2674172A2E76006B5B25 /* ViewController_iPhone.xib */; };
		BA5A2679172A2E76006B5B25 /* ViewController_iPad.xib in Resources */ = {isa = PBXBuildFile; fileRef = BA5A2677172A2E76006B5B25 /* ViewController_iPad.xib */; };
		BA5A2742172A368C006B5B25 /* AFHTTPClient.m in Sources */ = {isa = PBXBuildFile; fileRef = BA5A2728172A368C006B5B25 /* AFHTTPClient.m */; };
		BA5A2743172A368C006B5B25 /* AFHTTPRequestOperation.m in Sources */ = {isa = PBXBuildFile; fileRef = BA5A272A172A368C006B5B25 /* AFHTTPRequestOperation.m */; };
		BA5A2744172A368C006B5B25 /* AFImageRequestOperation.m in Sources */ = {isa = PBXBuildFile; fileRef = BA5A272C172A368C006B5B25 /* AFImageRequestOperation.m */; };
		BA5A2745172A368C006B5B25 /* AFJSONRequestOperation.m in Sources */ = {isa = PBXBuildFile; fileRef = BA5A272E172A368C006B5B25 /* AFJSONRequestOperation.m */; };
		BA5A2746172A368C006B5B25 /* AFNetworkActivityIndicatorManager.m in Sources */ = {isa = PBXBuildFile; fileRef = BA5A2730172A368C006B5B25 /* AFNetworkActivityIndicatorManager.m */; };
		BA5A2747172A368C006B5B25 /* AFPropertyListRequestOperation.m in Sources */ = {isa = PBXBuildFile; fileRef = BA5A2733172A368C006B5B25 /* AFPropertyListRequestOperation.m */; };
		BA5A2748172A368C006B5B25 /* AFURLConnectionOperation.m in Sources */ = {isa = PBXBuildFile; fileRef = BA5A2735172A368C006B5B25 /* AFURLConnectionOperation.m */; };
		BA5A2749172A368C006B5B25 /* AFXMLRequestOperation.m in Sources */ = {isa = PBXBuildFile; fileRef = BA5A2737172A368C006B5B25 /* AFXMLRequestOperation.m */; };
		BA5A274A172A368C006B5B25 /* UIImageView+AFNetworking.m in Sources */ = {isa = PBXBuildFile; fileRef = BA5A2739172A368C006B5B25 /* UIImageView+AFNetworking.m */; };
		BA5A274B172A368C006B5B25 /* LICENSE in Resources */ = {isa = PBXBuildFile; fileRef = BA5A273A172A368C006B5B25 /* LICENSE */; };
		BA5A274C172A368C006B5B25 /* README.md in Resources */ = {isa = PBXBuildFile; fileRef = BA5A273B172A368C006B5B25 /* README.md */; };
		BA5A274D172A368C006B5B25 /* AppKeyz.m in Sources */ = {isa = PBXBuildFile; fileRef = BA5A273D172A368C006B5B25 /* AppKeyz.m */; };
		BA5A277B172DB20C006B5B25 /* NSString+MD5Addition.m in Sources */ = {isa = PBXBuildFile; fileRef = BA5A2778172DB20C006B5B25 /* NSString+MD5Addition.m */; };
		BA5A277C172DB20C006B5B25 /* UIDevice+IdentifierAddition.m in Sources */ = {isa = PBXBuildFile; fileRef = BA5A277A172DB20C006B5B25 /* UIDevice+IdentifierAddition.m */; };
		BA5A2781172DDD3D006B5B25 /* AppKeyzSuite.m in Sources */ = {isa = PBXBuildFile; fileRef = BA5A2780172DDD3D006B5B25 /* AppKeyzSuite.m */; };
		BA5A2784172DDE17006B5B25 /* AKUser.m in Sources */ = {isa = PBXBuildFile; fileRef = BA5A2783172DDE17006B5B25 /* AKUser.m */; };
		BA5A2788172DEA4E006B5B25 /* AKiPhoneLandingVC.m in Sources */ = {isa = PBXBuildFile; fileRef = BA5A2786172DEA4E006B5B25 /* AKiPhoneLandingVC.m */; };
		BA5A2789172DEA4E006B5B25 /* AKiPhoneLandingVC.xib in Resources */ = {isa = PBXBuildFile; fileRef = BA5A2787172DEA4E006B5B25 /* AKiPhoneLandingVC.xib */; };
		BA6877BD17452F05008C3EEE /* README.md in Resources */ = {isa = PBXBuildFile; fileRef = BA6877BC17452F05008C3EEE /* README.md */; };
		BA72F2DD17322D6F007D3C62 /* icon.png in Resources */ = {isa = PBXBuildFile; fileRef = BA72F2DB17322D6F007D3C62 /* icon.png */; };
		BA72F2DE17322D6F007D3C62 /* icon@2x.png in Resources */ = {isa = PBXBuildFile; fileRef = BA72F2DC17322D6F007D3C62 /* icon@2x.png */; };
		BA7D678D17718F88003A09A3 /* README.md in Resources */ = {isa = PBXBuildFile; fileRef = BA7D678617718F88003A09A3 /* README.md */; };
		BA7D678E17718F88003A09A3 /* RIButtonItem.m in Sources */ = {isa = PBXBuildFile; fileRef = BA7D678817718F88003A09A3 /* RIButtonItem.m */; };
		BA7D678F17718F88003A09A3 /* UIActionSheet+Blocks.m in Sources */ = {isa = PBXBuildFile; fileRef = BA7D678A17718F88003A09A3 /* UIActionSheet+Blocks.m */; };
		BA7D679017718F88003A09A3 /* UIAlertView+Blocks.m in Sources */ = {isa = PBXBuildFile; fileRef = BA7D678C17718F88003A09A3 /* UIAlertView+Blocks.m */; };
		BA7F319C172E3FFA0005AD47 /* AKiPhoneLoginRegisterVC.m in Sources */ = {isa = PBXBuildFile; fileRef = BA7F319A172E3FFA0005AD47 /* AKiPhoneLoginRegisterVC.m */; };
		BA7F319D172E3FFA0005AD47 /* AKiPhoneLoginRegisterVC.xib in Resources */ = {isa = PBXBuildFile; fileRef = BA7F319B172E3FFA0005AD47 /* AKiPhoneLoginRegisterVC.xib */; };
		BA7F31BB172E4DCD0005AD47 /* Default-568h@2x.png in Resources */ = {isa = PBXBuildFile; fileRef = BA7F31BA172E4DCD0005AD47 /* Default-568h@2x.png */; };
		BA7F31C8172FA18A0005AD47 /* plus.png in Resources */ = {isa = PBXBuildFile; fileRef = BA7F31C0172FA18A0005AD47 /* plus.png */; };
		BA7F31C9172FA18A0005AD47 /* plus@2x.png in Resources */ = {isa = PBXBuildFile; fileRef = BA7F31C1172FA18A0005AD47 /* plus@2x.png */; };
		BA7F31CA172FA18A0005AD47 /* user.png in Resources */ = {isa = PBXBuildFile; fileRef = BA7F31C2172FA18A0005AD47 /* user.png */; };
		BA7F31CB172FA18A0005AD47 /* user@2x.png in Resources */ = {isa = PBXBuildFile; fileRef = BA7F31C3172FA18A0005AD47 /* user@2x.png */; };
		BA7F31CC172FA18A0005AD47 /* key.png in Resources */ = {isa = PBXBuildFile; fileRef = BA7F31C4172FA18A0005AD47 /* key.png */; };
		BA7F31CD172FA18A0005AD47 /* key@2x.png in Resources */ = {isa = PBXBuildFile; fileRef = BA7F31C5172FA18A0005AD47 /* key@2x.png */; };
		BA7F31CE172FA18A0005AD47 /* inbox.png in Resources */ = {isa = PBXBuildFile; fileRef = BA7F31C6172FA18A0005AD47 /* inbox.png */; };
		BA7F31CF172FA18A0005AD47 /* inbox@2x.png in Resources */ = {isa = PBXBuildFile; fileRef = BA7F31C7172FA18A0005AD47 /* inbox@2x.png */; };
		BA7F31D11730E2AA0005AD47 /* User.plist in Resources */ = {isa = PBXBuildFile; fileRef = BA7F31D01730E2AA0005AD47 /* User.plist */; };
		BA8C27C21738C4A9001BF7C3 /* blank.png in Resources */ = {isa = PBXBuildFile; fileRef = BA8C27C11738C4A9001BF7C3 /* blank.png */; };
		BAB6BB231740656C00E555EF /* QuartzCore.framework in Frameworks */ = {isa = PBXBuildFile; fileRef = BAB6BB221740656C00E555EF /* QuartzCore.framework */; };
		BAB6BB25174075F000E555EF /* AKiPadLandingVC.xib in Resources */ = {isa = PBXBuildFile; fileRef = BAB6BB24174075F000E555EF /* AKiPadLandingVC.xib */; };
		BAB6BB2717407A1D00E555EF /* AKiPadLoginRegisterVC.xib in Resources */ = {isa = PBXBuildFile; fileRef = BAB6BB2617407A1D00E555EF /* AKiPadLoginRegisterVC.xib */; };
		BAEAD32A1736FD1800C0B7F1 /* app_keyz_button.png in Resources */ = {isa = PBXBuildFile; fileRef = BAEAD3201736FD1800C0B7F1 /* app_keyz_button.png */; };
		BAEAD32B1736FD1800C0B7F1 /* app_keyz_button@2x.png in Resources */ = {isa = PBXBuildFile; fileRef = BAEAD3211736FD1800C0B7F1 /* app_keyz_button@2x.png */; };
/* End PBXBuildFile section */

/* Begin PBXFileReference section */
		BA1F8A931741FFC300F91ECD /* blackButton@2x.png */ = {isa = PBXFileReference; lastKnownFileType = image.png; path = "blackButton@2x.png"; sourceTree = "<group>"; };
		BA1F8A941741FFC300F91ECD /* blackButton.png */ = {isa = PBXFileReference; lastKnownFileType = image.png; path = blackButton.png; sourceTree = "<group>"; };
		BA1F8A971742006500F91ECD /* blackButtonHighlight@2x.png */ = {isa = PBXFileReference; lastKnownFileType = image.png; path = "blackButtonHighlight@2x.png"; sourceTree = "<group>"; };
		BA1F8A981742006500F91ECD /* blackButtonHighlight.png */ = {isa = PBXFileReference; lastKnownFileType = image.png; path = blackButtonHighlight.png; sourceTree = "<group>"; };
		BA1F8A9C174205C600F91ECD /* Default-Landscape.png */ = {isa = PBXFileReference; lastKnownFileType = image.png; path = "Default-Landscape.png"; sourceTree = "<group>"; };
		BA1F8A9D174205C600F91ECD /* Default-Portrait.png */ = {isa = PBXFileReference; lastKnownFileType = image.png; path = "Default-Portrait.png"; sourceTree = "<group>"; };
		BA1F8AA11742061600F91ECD /* Default@2x.png */ = {isa = PBXFileReference; lastKnownFileType = image.png; path = "Default@2x.png"; sourceTree = "<group>"; };
		BA1F8AA31742063600F91ECD /* Default@2x.png */ = {isa = PBXFileReference; lastKnownFileType = image.png; path = "Default@2x.png"; sourceTree = "<group>"; };
		BA1F8AA51742088B00F91ECD /* Default-Landscape@2x.png */ = {isa = PBXFileReference; lastKnownFileType = image.png; path = "Default-Landscape@2x.png"; sourceTree = "<group>"; };
		BA1F8AA61742088B00F91ECD /* Default-Portrait@2x.png */ = {isa = PBXFileReference; lastKnownFileType = image.png; path = "Default-Portrait@2x.png"; sourceTree = "<group>"; };
		BA5A2656172A2E76006B5B25 /* AppKeyz Sample Application.app */ = {isa = PBXFileReference; explicitFileType = wrapper.application; includeInIndex = 0; path = "AppKeyz Sample Application.app"; sourceTree = BUILT_PRODUCTS_DIR; };
		BA5A2659172A2E76006B5B25 /* UIKit.framework */ = {isa = PBXFileReference; lastKnownFileType = wrapper.framework; name = UIKit.framework; path = System/Library/Frameworks/UIKit.framework; sourceTree = SDKROOT; };
		BA5A265B172A2E76006B5B25 /* Foundation.framework */ = {isa = PBXFileReference; lastKnownFileType = wrapper.framework; name = Foundation.framework; path = System/Library/Frameworks/Foundation.framework; sourceTree = SDKROOT; };
		BA5A265D172A2E76006B5B25 /* CoreGraphics.framework */ = {isa = PBXFileReference; lastKnownFileType = wrapper.framework; name = CoreGraphics.framework; path = System/Library/Frameworks/CoreGraphics.framework; sourceTree = SDKROOT; };
		BA5A2661172A2E76006B5B25 /* AppKeyz Sample Application-Info.plist */ = {isa = PBXFileReference; lastKnownFileType = text.plist.xml; path = "AppKeyz Sample Application-Info.plist"; sourceTree = "<group>"; };
		BA5A2663172A2E76006B5B25 /* en */ = {isa = PBXFileReference; lastKnownFileType = text.plist.strings; name = en; path = en.lproj/InfoPlist.strings; sourceTree = "<group>"; };
		BA5A2665172A2E76006B5B25 /* main.m */ = {isa = PBXFileReference; lastKnownFileType = sourcecode.c.objc; path = main.m; sourceTree = "<group>"; };
		BA5A2667172A2E76006B5B25 /* AppKeyz Sample Application-Prefix.pch */ = {isa = PBXFileReference; lastKnownFileType = sourcecode.c.h; path = "AppKeyz Sample Application-Prefix.pch"; sourceTree = "<group>"; };
		BA5A2668172A2E76006B5B25 /* AppDelegate.h */ = {isa = PBXFileReference; lastKnownFileType = sourcecode.c.h; path = AppDelegate.h; sourceTree = "<group>"; };
		BA5A2669172A2E76006B5B25 /* AppDelegate.m */ = {isa = PBXFileReference; lastKnownFileType = sourcecode.c.objc; path = AppDelegate.m; sourceTree = "<group>"; };
		BA5A266B172A2E76006B5B25 /* Default.png */ = {isa = PBXFileReference; lastKnownFileType = image.png; path = Default.png; sourceTree = "<group>"; };
		BA5A2671172A2E76006B5B25 /* ViewController.h */ = {isa = PBXFileReference; lastKnownFileType = sourcecode.c.h; path = ViewController.h; sourceTree = "<group>"; };
		BA5A2672172A2E76006B5B25 /* ViewController.m */ = {isa = PBXFileReference; lastKnownFileType = sourcecode.c.objc; path = ViewController.m; sourceTree = "<group>"; };
		BA5A2675172A2E76006B5B25 /* en */ = {isa = PBXFileReference; lastKnownFileType = file.xib; name = en; path = en.lproj/ViewController_iPhone.xib; sourceTree = "<group>"; };
		BA5A2678172A2E76006B5B25 /* en */ = {isa = PBXFileReference; lastKnownFileType = file.xib; name = en; path = en.lproj/ViewController_iPad.xib; sourceTree = "<group>"; };
		BA5A2727172A368C006B5B25 /* AFHTTPClient.h */ = {isa = PBXFileReference; fileEncoding = 4; lastKnownFileType = sourcecode.c.h; path = AFHTTPClient.h; sourceTree = "<group>"; };
		BA5A2728172A368C006B5B25 /* AFHTTPClient.m */ = {isa = PBXFileReference; fileEncoding = 4; lastKnownFileType = sourcecode.c.objc; path = AFHTTPClient.m; sourceTree = "<group>"; };
		BA5A2729172A368C006B5B25 /* AFHTTPRequestOperation.h */ = {isa = PBXFileReference; fileEncoding = 4; lastKnownFileType = sourcecode.c.h; path = AFHTTPRequestOperation.h; sourceTree = "<group>"; };
		BA5A272A172A368C006B5B25 /* AFHTTPRequestOperation.m */ = {isa = PBXFileReference; fileEncoding = 4; lastKnownFileType = sourcecode.c.objc; path = AFHTTPRequestOperation.m; sourceTree = "<group>"; };
		BA5A272B172A368C006B5B25 /* AFImageRequestOperation.h */ = {isa = PBXFileReference; fileEncoding = 4; lastKnownFileType = sourcecode.c.h; path = AFImageRequestOperation.h; sourceTree = "<group>"; };
		BA5A272C172A368C006B5B25 /* AFImageRequestOperation.m */ = {isa = PBXFileReference; fileEncoding = 4; lastKnownFileType = sourcecode.c.objc; path = AFImageRequestOperation.m; sourceTree = "<group>"; };
		BA5A272D172A368C006B5B25 /* AFJSONRequestOperation.h */ = {isa = PBXFileReference; fileEncoding = 4; lastKnownFileType = sourcecode.c.h; path = AFJSONRequestOperation.h; sourceTree = "<group>"; };
		BA5A272E172A368C006B5B25 /* AFJSONRequestOperation.m */ = {isa = PBXFileReference; fileEncoding = 4; lastKnownFileType = sourcecode.c.objc; path = AFJSONRequestOperation.m; sourceTree = "<group>"; };
		BA5A272F172A368C006B5B25 /* AFNetworkActivityIndicatorManager.h */ = {isa = PBXFileReference; fileEncoding = 4; lastKnownFileType = sourcecode.c.h; path = AFNetworkActivityIndicatorManager.h; sourceTree = "<group>"; };
		BA5A2730172A368C006B5B25 /* AFNetworkActivityIndicatorManager.m */ = {isa = PBXFileReference; fileEncoding = 4; lastKnownFileType = sourcecode.c.objc; path = AFNetworkActivityIndicatorManager.m; sourceTree = "<group>"; };
		BA5A2731172A368C006B5B25 /* AFNetworking.h */ = {isa = PBXFileReference; fileEncoding = 4; lastKnownFileType = sourcecode.c.h; path = AFNetworking.h; sourceTree = "<group>"; };
		BA5A2732172A368C006B5B25 /* AFPropertyListRequestOperation.h */ = {isa = PBXFileReference; fileEncoding = 4; lastKnownFileType = sourcecode.c.h; path = AFPropertyListRequestOperation.h; sourceTree = "<group>"; };
		BA5A2733172A368C006B5B25 /* AFPropertyListRequestOperation.m */ = {isa = PBXFileReference; fileEncoding = 4; lastKnownFileType = sourcecode.c.objc; path = AFPropertyListRequestOperation.m; sourceTree = "<group>"; };
		BA5A2734172A368C006B5B25 /* AFURLConnectionOperation.h */ = {isa = PBXFileReference; fileEncoding = 4; lastKnownFileType = sourcecode.c.h; path = AFURLConnectionOperation.h; sourceTree = "<group>"; };
		BA5A2735172A368C006B5B25 /* AFURLConnectionOperation.m */ = {isa = PBXFileReference; fileEncoding = 4; lastKnownFileType = sourcecode.c.objc; path = AFURLConnectionOperation.m; sourceTree = "<group>"; };
		BA5A2736172A368C006B5B25 /* AFXMLRequestOperation.h */ = {isa = PBXFileReference; fileEncoding = 4; lastKnownFileType = sourcecode.c.h; path = AFXMLRequestOperation.h; sourceTree = "<group>"; };
		BA5A2737172A368C006B5B25 /* AFXMLRequestOperation.m */ = {isa = PBXFileReference; fileEncoding = 4; lastKnownFileType = sourcecode.c.objc; path = AFXMLRequestOperation.m; sourceTree = "<group>"; };
		BA5A2738172A368C006B5B25 /* UIImageView+AFNetworking.h */ = {isa = PBXFileReference; fileEncoding = 4; lastKnownFileType = sourcecode.c.h; path = "UIImageView+AFNetworking.h"; sourceTree = "<group>"; };
		BA5A2739172A368C006B5B25 /* UIImageView+AFNetworking.m */ = {isa = PBXFileReference; fileEncoding = 4; lastKnownFileType = sourcecode.c.objc; path = "UIImageView+AFNetworking.m"; sourceTree = "<group>"; };
		BA5A273A172A368C006B5B25 /* LICENSE */ = {isa = PBXFileReference; fileEncoding = 4; lastKnownFileType = text; path = LICENSE; sourceTree = "<group>"; };
		BA5A273B172A368C006B5B25 /* README.md */ = {isa = PBXFileReference; fileEncoding = 4; lastKnownFileType = text; path = README.md; sourceTree = "<group>"; };
		BA5A273C172A368C006B5B25 /* AppKeyz.h */ = {isa = PBXFileReference; fileEncoding = 4; lastKnownFileType = sourcecode.c.h; path = AppKeyz.h; sourceTree = "<group>"; };
		BA5A273D172A368C006B5B25 /* AppKeyz.m */ = {isa = PBXFileReference; fileEncoding = 4; lastKnownFileType = sourcecode.c.objc; path = AppKeyz.m; sourceTree = "<group>"; };
		BA5A2777172DB20C006B5B25 /* NSString+MD5Addition.h */ = {isa = PBXFileReference; fileEncoding = 4; lastKnownFileType = sourcecode.c.h; path = "NSString+MD5Addition.h"; sourceTree = "<group>"; };
		BA5A2778172DB20C006B5B25 /* NSString+MD5Addition.m */ = {isa = PBXFileReference; fileEncoding = 4; lastKnownFileType = sourcecode.c.objc; path = "NSString+MD5Addition.m"; sourceTree = "<group>"; };
		BA5A2779172DB20C006B5B25 /* UIDevice+IdentifierAddition.h */ = {isa = PBXFileReference; fileEncoding = 4; lastKnownFileType = sourcecode.c.h; path = "UIDevice+IdentifierAddition.h"; sourceTree = "<group>"; };
		BA5A277A172DB20C006B5B25 /* UIDevice+IdentifierAddition.m */ = {isa = PBXFileReference; fileEncoding = 4; lastKnownFileType = sourcecode.c.objc; path = "UIDevice+IdentifierAddition.m"; sourceTree = "<group>"; };
		BA5A277F172DDD3D006B5B25 /* AppKeyzSuite.h */ = {isa = PBXFileReference; fileEncoding = 4; lastKnownFileType = sourcecode.c.h; path = AppKeyzSuite.h; sourceTree = "<group>"; };
		BA5A2780172DDD3D006B5B25 /* AppKeyzSuite.m */ = {isa = PBXFileReference; fileEncoding = 4; lastKnownFileType = sourcecode.c.objc; path = AppKeyzSuite.m; sourceTree = "<group>"; };
		BA5A2782172DDE17006B5B25 /* AKUser.h */ = {isa = PBXFileReference; fileEncoding = 4; lastKnownFileType = sourcecode.c.h; path = AKUser.h; sourceTree = "<group>"; };
		BA5A2783172DDE17006B5B25 /* AKUser.m */ = {isa = PBXFileReference; fileEncoding = 4; lastKnownFileType = sourcecode.c.objc; path = AKUser.m; sourceTree = "<group>"; };
		BA5A2785172DEA4E006B5B25 /* AKiPhoneLandingVC.h */ = {isa = PBXFileReference; fileEncoding = 4; lastKnownFileType = sourcecode.c.h; name = AKiPhoneLandingVC.h; path = iPhone/AKiPhoneLandingVC.h; sourceTree = "<group>"; };
		BA5A2786172DEA4E006B5B25 /* AKiPhoneLandingVC.m */ = {isa = PBXFileReference; fileEncoding = 4; lastKnownFileType = sourcecode.c.objc; name = AKiPhoneLandingVC.m; path = iPhone/AKiPhoneLandingVC.m; sourceTree = "<group>"; };
		BA5A2787172DEA4E006B5B25 /* AKiPhoneLandingVC.xib */ = {isa = PBXFileReference; fileEncoding = 4; lastKnownFileType = file.xib; name = AKiPhoneLandingVC.xib; path = iPhone/AKiPhoneLandingVC.xib; sourceTree = "<group>"; };
		BA6877BC17452F05008C3EEE /* README.md */ = {isa = PBXFileReference; fileEncoding = 4; lastKnownFileType = text; path = README.md; sourceTree = SOURCE_ROOT; };
		BA72F2DB17322D6F007D3C62 /* icon.png */ = {isa = PBXFileReference; lastKnownFileType = image.png; path = icon.png; sourceTree = "<group>"; };
		BA72F2DC17322D6F007D3C62 /* icon@2x.png */ = {isa = PBXFileReference; lastKnownFileType = image.png; path = "icon@2x.png"; sourceTree = "<group>"; };
		BA7D678617718F88003A09A3 /* README.md */ = {isa = PBXFileReference; fileEncoding = 4; lastKnownFileType = text; path = README.md; sourceTree = "<group>"; };
		BA7D678717718F88003A09A3 /* RIButtonItem.h */ = {isa = PBXFileReference; fileEncoding = 4; lastKnownFileType = sourcecode.c.h; path = RIButtonItem.h; sourceTree = "<group>"; };
		BA7D678817718F88003A09A3 /* RIButtonItem.m */ = {isa = PBXFileReference; fileEncoding = 4; lastKnownFileType = sourcecode.c.objc; path = RIButtonItem.m; sourceTree = "<group>"; };
		BA7D678917718F88003A09A3 /* UIActionSheet+Blocks.h */ = {isa = PBXFileReference; fileEncoding = 4; lastKnownFileType = sourcecode.c.h; path = "UIActionSheet+Blocks.h"; sourceTree = "<group>"; };
		BA7D678A17718F88003A09A3 /* UIActionSheet+Blocks.m */ = {isa = PBXFileReference; fileEncoding = 4; lastKnownFileType = sourcecode.c.objc; path = "UIActionSheet+Blocks.m"; sourceTree = "<group>"; };
		BA7D678B17718F88003A09A3 /* UIAlertView+Blocks.h */ = {isa = PBXFileReference; fileEncoding = 4; lastKnownFileType = sourcecode.c.h; path = "UIAlertView+Blocks.h"; sourceTree = "<group>"; };
		BA7D678C17718F88003A09A3 /* UIAlertView+Blocks.m */ = {isa = PBXFileReference; fileEncoding = 4; lastKnownFileType = sourcecode.c.objc; path = "UIAlertView+Blocks.m"; sourceTree = "<group>"; };
		BA7F3199172E3FFA0005AD47 /* AKiPhoneLoginRegisterVC.h */ = {isa = PBXFileReference; fileEncoding = 4; lastKnownFileType = sourcecode.c.h; name = AKiPhoneLoginRegisterVC.h; path = iPhone/AKiPhoneLoginRegisterVC.h; sourceTree = "<group>"; };
		BA7F319A172E3FFA0005AD47 /* AKiPhoneLoginRegisterVC.m */ = {isa = PBXFileReference; fileEncoding = 4; lastKnownFileType = sourcecode.c.objc; name = AKiPhoneLoginRegisterVC.m; path = iPhone/AKiPhoneLoginRegisterVC.m; sourceTree = "<group>"; };
		BA7F319B172E3FFA0005AD47 /* AKiPhoneLoginRegisterVC.xib */ = {isa = PBXFileReference; fileEncoding = 4; lastKnownFileType = file.xib; name = AKiPhoneLoginRegisterVC.xib; path = iPhone/AKiPhoneLoginRegisterVC.xib; sourceTree = "<group>"; };
		BA7F31BA172E4DCD0005AD47 /* Default-568h@2x.png */ = {isa = PBXFileReference; lastKnownFileType = image.png; path = "Default-568h@2x.png"; sourceTree = "<group>"; };
		BA7F31C0172FA18A0005AD47 /* plus.png */ = {isa = PBXFileReference; lastKnownFileType = image.png; path = plus.png; sourceTree = "<group>"; };
		BA7F31C1172FA18A0005AD47 /* plus@2x.png */ = {isa = PBXFileReference; lastKnownFileType = image.png; path = "plus@2x.png"; sourceTree = "<group>"; };
		BA7F31C2172FA18A0005AD47 /* user.png */ = {isa = PBXFileReference; lastKnownFileType = image.png; path = user.png; sourceTree = "<group>"; };
		BA7F31C3172FA18A0005AD47 /* user@2x.png */ = {isa = PBXFileReference; lastKnownFileType = image.png; path = "user@2x.png"; sourceTree = "<group>"; };
		BA7F31C4172FA18A0005AD47 /* key.png */ = {isa = PBXFileReference; lastKnownFileType = image.png; path = key.png; sourceTree = "<group>"; };
		BA7F31C5172FA18A0005AD47 /* key@2x.png */ = {isa = PBXFileReference; lastKnownFileType = image.png; path = "key@2x.png"; sourceTree = "<group>"; };
		BA7F31C6172FA18A0005AD47 /* inbox.png */ = {isa = PBXFileReference; lastKnownFileType = image.png; path = inbox.png; sourceTree = "<group>"; };
		BA7F31C7172FA18A0005AD47 /* inbox@2x.png */ = {isa = PBXFileReference; lastKnownFileType = image.png; path = "inbox@2x.png"; sourceTree = "<group>"; };
		BA7F31D01730E2AA0005AD47 /* User.plist */ = {isa = PBXFileReference; fileEncoding = 4; lastKnownFileType = text.plist.xml; path = User.plist; sourceTree = "<group>"; };
		BA8C27C11738C4A9001BF7C3 /* blank.png */ = {isa = PBXFileReference; lastKnownFileType = image.png; path = blank.png; sourceTree = "<group>"; };
		BAB6BB221740656C00E555EF /* QuartzCore.framework */ = {isa = PBXFileReference; lastKnownFileType = wrapper.framework; name = QuartzCore.framework; path = System/Library/Frameworks/QuartzCore.framework; sourceTree = SDKROOT; };
		BAB6BB24174075F000E555EF /* AKiPadLandingVC.xib */ = {isa = PBXFileReference; fileEncoding = 4; lastKnownFileType = file.xib; name = AKiPadLandingVC.xib; path = iPhone/AKiPadLandingVC.xib; sourceTree = "<group>"; };
		BAB6BB2617407A1D00E555EF /* AKiPadLoginRegisterVC.xib */ = {isa = PBXFileReference; fileEncoding = 4; lastKnownFileType = file.xib; name = AKiPadLoginRegisterVC.xib; path = iPhone/AKiPadLoginRegisterVC.xib; sourceTree = "<group>"; };
		BAEAD3201736FD1800C0B7F1 /* app_keyz_button.png */ = {isa = PBXFileReference; lastKnownFileType = image.png; path = app_keyz_button.png; sourceTree = "<group>"; };
		BAEAD3211736FD1800C0B7F1 /* app_keyz_button@2x.png */ = {isa = PBXFileReference; lastKnownFileType = image.png; path = "app_keyz_button@2x.png"; sourceTree = "<group>"; };
/* End PBXFileReference section */

/* Begin PBXFrameworksBuildPhase section */
		BA5A2653172A2E76006B5B25 /* Frameworks */ = {
			isa = PBXFrameworksBuildPhase;
			buildActionMask = 2147483647;
			files = (
				BAB6BB231740656C00E555EF /* QuartzCore.framework in Frameworks */,
				BA5A265A172A2E76006B5B25 /* UIKit.framework in Frameworks */,
				BA5A265C172A2E76006B5B25 /* Foundation.framework in Frameworks */,
				BA5A265E172A2E76006B5B25 /* CoreGraphics.framework in Frameworks */,
			);
			runOnlyForDeploymentPostprocessing = 0;
		};
/* End PBXFrameworksBuildPhase section */

/* Begin PBXGroup section */
		BA5A264D172A2E75006B5B25 = {
			isa = PBXGroup;
			children = (
				BA1F8AA31742063600F91ECD /* Default@2x.png */,
				BA5A2724172A368C006B5B25 /* AppKeyz */,
				BA5A2686172A2F6E006B5B25 /* AppKeyzSuite */,
				BA5A265F172A2E76006B5B25 /* AppKeyz Sample Application */,
				BA5A2658172A2E76006B5B25 /* Frameworks */,
				BA5A2657172A2E76006B5B25 /* Products */,
			);
			sourceTree = "<group>";
		};
		BA5A2657172A2E76006B5B25 /* Products */ = {
			isa = PBXGroup;
			children = (
				BA5A2656172A2E76006B5B25 /* AppKeyz Sample Application.app */,
			);
			name = Products;
			sourceTree = "<group>";
		};
		BA5A2658172A2E76006B5B25 /* Frameworks */ = {
			isa = PBXGroup;
			children = (
				BAB6BB221740656C00E555EF /* QuartzCore.framework */,
				BA5A2659172A2E76006B5B25 /* UIKit.framework */,
				BA5A265B172A2E76006B5B25 /* Foundation.framework */,
				BA5A265D172A2E76006B5B25 /* CoreGraphics.framework */,
			);
			name = Frameworks;
			sourceTree = "<group>";
		};
		BA5A265F172A2E76006B5B25 /* AppKeyz Sample Application */ = {
			isa = PBXGroup;
			children = (
				BA5A2668172A2E76006B5B25 /* AppDelegate.h */,
				BA5A2669172A2E76006B5B25 /* AppDelegate.m */,
				BA5A2671172A2E76006B5B25 /* ViewController.h */,
				BA5A2672172A2E76006B5B25 /* ViewController.m */,
				BA5A2674172A2E76006B5B25 /* ViewController_iPhone.xib */,
				BA5A2677172A2E76006B5B25 /* ViewController_iPad.xib */,
				BA5A2660172A2E76006B5B25 /* Supporting Files */,
			);
			path = "AppKeyz Sample Application";
			sourceTree = "<group>";
		};
		BA5A2660172A2E76006B5B25 /* Supporting Files */ = {
			isa = PBXGroup;
			children = (
				BA6877BC17452F05008C3EEE /* README.md */,
				BA1F8AA51742088B00F91ECD /* Default-Landscape@2x.png */,
				BA1F8AA61742088B00F91ECD /* Default-Portrait@2x.png */,
				BA1F8AA11742061600F91ECD /* Default@2x.png */,
				BA1F8A9C174205C600F91ECD /* Default-Landscape.png */,
				BA1F8A9D174205C600F91ECD /* Default-Portrait.png */,
				BA72F2DB17322D6F007D3C62 /* icon.png */,
				BA72F2DC17322D6F007D3C62 /* icon@2x.png */,
				BA7F31BA172E4DCD0005AD47 /* Default-568h@2x.png */,
				BA5A2661172A2E76006B5B25 /* AppKeyz Sample Application-Info.plist */,
				BA5A2662172A2E76006B5B25 /* InfoPlist.strings */,
				BA5A2665172A2E76006B5B25 /* main.m */,
				BA5A2667172A2E76006B5B25 /* AppKeyz Sample Application-Prefix.pch */,
				BA5A266B172A2E76006B5B25 /* Default.png */,
			);
			name = "Supporting Files";
			sourceTree = "<group>";
		};
		BA5A2686172A2F6E006B5B25 /* AppKeyzSuite */ = {
			isa = PBXGroup;
			children = (
				BA7D678517718F88003A09A3 /* UIAlertViewBlocks */,
				BA7F31BF172FA18A0005AD47 /* Resources */,
				BA5A277F172DDD3D006B5B25 /* AppKeyzSuite.h */,
				BA5A2780172DDD3D006B5B25 /* AppKeyzSuite.m */,
				BA5A2782172DDE17006B5B25 /* AKUser.h */,
				BA5A2783172DDE17006B5B25 /* AKUser.m */,
				BA5A278A172DEA57006B5B25 /* iPhone */,
			);
			path = AppKeyzSuite;
			sourceTree = "<group>";
		};
		BA5A2724172A368C006B5B25 /* AppKeyz */ = {
			isa = PBXGroup;
			children = (
				BA5A2776172DB20C006B5B25 /* UIDevice-with-UniqueIdentifier-for-iOS-5 */,
				BA5A2725172A368C006B5B25 /* AFNetworking */,
				BA5A273C172A368C006B5B25 /* AppKeyz.h */,
				BA5A273D172A368C006B5B25 /* AppKeyz.m */,
			);
			path = AppKeyz;
			sourceTree = "<group>";
		};
		BA5A2725172A368C006B5B25 /* AFNetworking */ = {
			isa = PBXGroup;
			children = (
				BA5A2726172A368C006B5B25 /* AFNetworking */,
				BA5A273A172A368C006B5B25 /* LICENSE */,
				BA5A273B172A368C006B5B25 /* README.md */,
			);
			path = AFNetworking;
			sourceTree = "<group>";
		};
		BA5A2726172A368C006B5B25 /* AFNetworking */ = {
			isa = PBXGroup;
			children = (
				BA5A2727172A368C006B5B25 /* AFHTTPClient.h */,
				BA5A2728172A368C006B5B25 /* AFHTTPClient.m */,
				BA5A2729172A368C006B5B25 /* AFHTTPRequestOperation.h */,
				BA5A272A172A368C006B5B25 /* AFHTTPRequestOperation.m */,
				BA5A272B172A368C006B5B25 /* AFImageRequestOperation.h */,
				BA5A272C172A368C006B5B25 /* AFImageRequestOperation.m */,
				BA5A272D172A368C006B5B25 /* AFJSONRequestOperation.h */,
				BA5A272E172A368C006B5B25 /* AFJSONRequestOperation.m */,
				BA5A272F172A368C006B5B25 /* AFNetworkActivityIndicatorManager.h */,
				BA5A2730172A368C006B5B25 /* AFNetworkActivityIndicatorManager.m */,
				BA5A2731172A368C006B5B25 /* AFNetworking.h */,
				BA5A2732172A368C006B5B25 /* AFPropertyListRequestOperation.h */,
				BA5A2733172A368C006B5B25 /* AFPropertyListRequestOperation.m */,
				BA5A2734172A368C006B5B25 /* AFURLConnectionOperation.h */,
				BA5A2735172A368C006B5B25 /* AFURLConnectionOperation.m */,
				BA5A2736172A368C006B5B25 /* AFXMLRequestOperation.h */,
				BA5A2737172A368C006B5B25 /* AFXMLRequestOperation.m */,
				BA5A2738172A368C006B5B25 /* UIImageView+AFNetworking.h */,
				BA5A2739172A368C006B5B25 /* UIImageView+AFNetworking.m */,
			);
			path = AFNetworking;
			sourceTree = "<group>";
		};
		BA5A2776172DB20C006B5B25 /* UIDevice-with-UniqueIdentifier-for-iOS-5 */ = {
			isa = PBXGroup;
			children = (
				BA5A2777172DB20C006B5B25 /* NSString+MD5Addition.h */,
				BA5A2778172DB20C006B5B25 /* NSString+MD5Addition.m */,
				BA5A2779172DB20C006B5B25 /* UIDevice+IdentifierAddition.h */,
				BA5A277A172DB20C006B5B25 /* UIDevice+IdentifierAddition.m */,
			);
			path = "UIDevice-with-UniqueIdentifier-for-iOS-5";
			sourceTree = "<group>";
		};
		BA5A278A172DEA57006B5B25 /* iPhone */ = {
			isa = PBXGroup;
			children = (
				BA5A2785172DEA4E006B5B25 /* AKiPhoneLandingVC.h */,
				BA5A2786172DEA4E006B5B25 /* AKiPhoneLandingVC.m */,
				BA5A2787172DEA4E006B5B25 /* AKiPhoneLandingVC.xib */,
				BAB6BB24174075F000E555EF /* AKiPadLandingVC.xib */,
				BA7F3199172E3FFA0005AD47 /* AKiPhoneLoginRegisterVC.h */,
				BA7F319A172E3FFA0005AD47 /* AKiPhoneLoginRegisterVC.m */,
				BA7F319B172E3FFA0005AD47 /* AKiPhoneLoginRegisterVC.xib */,
				BAB6BB2617407A1D00E555EF /* AKiPadLoginRegisterVC.xib */,
			);
			name = iPhone;
			sourceTree = "<group>";
		};
		BA7D678517718F88003A09A3 /* UIAlertViewBlocks */ = {
			isa = PBXGroup;
			children = (
				BA7D678617718F88003A09A3 /* README.md */,
				BA7D678717718F88003A09A3 /* RIButtonItem.h */,
				BA7D678817718F88003A09A3 /* RIButtonItem.m */,
				BA7D678917718F88003A09A3 /* UIActionSheet+Blocks.h */,
				BA7D678A17718F88003A09A3 /* UIActionSheet+Blocks.m */,
				BA7D678B17718F88003A09A3 /* UIAlertView+Blocks.h */,
				BA7D678C17718F88003A09A3 /* UIAlertView+Blocks.m */,
			);
			path = UIAlertViewBlocks;
			sourceTree = "<group>";
		};
		BA7F31BF172FA18A0005AD47 /* Resources */ = {
			isa = PBXGroup;
			children = (
				BA1F8A971742006500F91ECD /* blackButtonHighlight@2x.png */,
				BA1F8A981742006500F91ECD /* blackButtonHighlight.png */,
				BA1F8A931741FFC300F91ECD /* blackButton@2x.png */,
				BA1F8A941741FFC300F91ECD /* blackButton.png */,
				BA8C27C11738C4A9001BF7C3 /* blank.png */,
				BAEAD3201736FD1800C0B7F1 /* app_keyz_button.png */,
				BAEAD3211736FD1800C0B7F1 /* app_keyz_button@2x.png */,
				BA7F31D01730E2AA0005AD47 /* User.plist */,
				BA7F31C0172FA18A0005AD47 /* plus.png */,
				BA7F31C1172FA18A0005AD47 /* plus@2x.png */,
				BA7F31C2172FA18A0005AD47 /* user.png */,
				BA7F31C3172FA18A0005AD47 /* user@2x.png */,
				BA7F31C4172FA18A0005AD47 /* key.png */,
				BA7F31C5172FA18A0005AD47 /* key@2x.png */,
				BA7F31C6172FA18A0005AD47 /* inbox.png */,
				BA7F31C7172FA18A0005AD47 /* inbox@2x.png */,
			);
			path = Resources;
			sourceTree = "<group>";
		};
/* End PBXGroup section */

/* Begin PBXNativeTarget section */
		BA5A2655172A2E76006B5B25 /* AppKeyz Sample Application */ = {
			isa = PBXNativeTarget;
			buildConfigurationList = BA5A267C172A2E76006B5B25 /* Build configuration list for PBXNativeTarget "AppKeyz Sample Application" */;
			buildPhases = (
				BA5A2652172A2E76006B5B25 /* Sources */,
				BA5A2653172A2E76006B5B25 /* Frameworks */,
				BA5A2654172A2E76006B5B25 /* Resources */,
			);
			buildRules = (
			);
			dependencies = (
			);
			name = "AppKeyz Sample Application";
			productName = "AppKeyz Sample Application";
			productReference = BA5A2656172A2E76006B5B25 /* AppKeyz Sample Application.app */;
			productType = "com.apple.product-type.application";
		};
/* End PBXNativeTarget section */

/* Begin PBXProject section */
		BA5A264E172A2E75006B5B25 /* Project object */ = {
			isa = PBXProject;
			attributes = {
				LastUpgradeCheck = 0460;
				ORGANIZATIONNAME = "App Keyz";
			};
			buildConfigurationList = BA5A2651172A2E75006B5B25 /* Build configuration list for PBXProject "AppKeyz Sample Application" */;
			compatibilityVersion = "Xcode 3.2";
			developmentRegion = English;
			hasScannedForEncodings = 0;
			knownRegions = (
				en,
			);
			mainGroup = BA5A264D172A2E75006B5B25;
			productRefGroup = BA5A2657172A2E76006B5B25 /* Products */;
			projectDirPath = "";
			projectRoot = "";
			targets = (
				BA5A2655172A2E76006B5B25 /* AppKeyz Sample Application */,
			);
		};
/* End PBXProject section */

/* Begin PBXResourcesBuildPhase section */
		BA5A2654172A2E76006B5B25 /* Resources */ = {
			isa = PBXResourcesBuildPhase;
			buildActionMask = 2147483647;
			files = (
				BA5A2664172A2E76006B5B25 /* InfoPlist.strings in Resources */,
				BA5A266C172A2E76006B5B25 /* Default.png in Resources */,
				BA5A2676172A2E76006B5B25 /* ViewController_iPhone.xib in Resources */,
				BA5A2679172A2E76006B5B25 /* ViewController_iPad.xib in Resources */,
				BA5A274B172A368C006B5B25 /* LICENSE in Resources */,
				BA5A274C172A368C006B5B25 /* README.md in Resources */,
				BA5A2789172DEA4E006B5B25 /* AKiPhoneLandingVC.xib in Resources */,
				BA7F319D172E3FFA0005AD47 /* AKiPhoneLoginRegisterVC.xib in Resources */,
				BA7F31BB172E4DCD0005AD47 /* Default-568h@2x.png in Resources */,
				BA7F31C8172FA18A0005AD47 /* plus.png in Resources */,
				BA7F31C9172FA18A0005AD47 /* plus@2x.png in Resources */,
				BA7F31CA172FA18A0005AD47 /* user.png in Resources */,
				BA7F31CB172FA18A0005AD47 /* user@2x.png in Resources */,
				BA7F31CC172FA18A0005AD47 /* key.png in Resources */,
				BA7F31CD172FA18A0005AD47 /* key@2x.png in Resources */,
				BA7F31CE172FA18A0005AD47 /* inbox.png in Resources */,
				BA7F31CF172FA18A0005AD47 /* inbox@2x.png in Resources */,
				BA7F31D11730E2AA0005AD47 /* User.plist in Resources */,
				BA72F2DD17322D6F007D3C62 /* icon.png in Resources */,
				BA72F2DE17322D6F007D3C62 /* icon@2x.png in Resources */,
				BAEAD32A1736FD1800C0B7F1 /* app_keyz_button.png in Resources */,
				BAEAD32B1736FD1800C0B7F1 /* app_keyz_button@2x.png in Resources */,
				BA8C27C21738C4A9001BF7C3 /* blank.png in Resources */,
				BAB6BB25174075F000E555EF /* AKiPadLandingVC.xib in Resources */,
				BAB6BB2717407A1D00E555EF /* AKiPadLoginRegisterVC.xib in Resources */,
				BA1F8A951741FFC300F91ECD /* blackButton@2x.png in Resources */,
				BA1F8A961741FFC300F91ECD /* blackButton.png in Resources */,
				BA1F8A991742006500F91ECD /* blackButtonHighlight@2x.png in Resources */,
				BA1F8A9A1742006500F91ECD /* blackButtonHighlight.png in Resources */,
				BA1F8A9F174205C600F91ECD /* Default-Landscape.png in Resources */,
				BA1F8AA0174205C600F91ECD /* Default-Portrait.png in Resources */,
				BA1F8AA41742063600F91ECD /* Default@2x.png in Resources */,
				BA1F8AA71742088B00F91ECD /* Default-Landscape@2x.png in Resources */,
				BA1F8AA81742088B00F91ECD /* Default-Portrait@2x.png in Resources */,
				BA6877BD17452F05008C3EEE /* README.md in Resources */,
				BA7D678D17718F88003A09A3 /* README.md in Resources */,
			);
			runOnlyForDeploymentPostprocessing = 0;
		};
/* End PBXResourcesBuildPhase section */

/* Begin PBXSourcesBuildPhase section */
		BA5A2652172A2E76006B5B25 /* Sources */ = {
			isa = PBXSourcesBuildPhase;
			buildActionMask = 2147483647;
			files = (
				BA5A2666172A2E76006B5B25 /* main.m in Sources */,
				BA5A266A172A2E76006B5B25 /* AppDelegate.m in Sources */,
				BA5A2673172A2E76006B5B25 /* ViewController.m in Sources */,
				BA5A2742172A368C006B5B25 /* AFHTTPClient.m in Sources */,
				BA5A2743172A368C006B5B25 /* AFHTTPRequestOperation.m in Sources */,
				BA5A2744172A368C006B5B25 /* AFImageRequestOperation.m in Sources */,
				BA5A2745172A368C006B5B25 /* AFJSONRequestOperation.m in Sources */,
				BA5A2746172A368C006B5B25 /* AFNetworkActivityIndicatorManager.m in Sources */,
				BA5A2747172A368C006B5B25 /* AFPropertyListRequestOperation.m in Sources */,
				BA5A2748172A368C006B5B25 /* AFURLConnectionOperation.m in Sources */,
				BA5A2749172A368C006B5B25 /* AFXMLRequestOperation.m in Sources */,
				BA5A274A172A368C006B5B25 /* UIImageView+AFNetworking.m in Sources */,
				BA5A274D172A368C006B5B25 /* AppKeyz.m in Sources */,
				BA5A277B172DB20C006B5B25 /* NSString+MD5Addition.m in Sources */,
				BA5A277C172DB20C006B5B25 /* UIDevice+IdentifierAddition.m in Sources */,
				BA5A2781172DDD3D006B5B25 /* AppKeyzSuite.m in Sources */,
				BA5A2784172DDE17006B5B25 /* AKUser.m in Sources */,
				BA5A2788172DEA4E006B5B25 /* AKiPhoneLandingVC.m in Sources */,
				BA7F319C172E3FFA0005AD47 /* AKiPhoneLoginRegisterVC.m in Sources */,
				BA7D678E17718F88003A09A3 /* RIButtonItem.m in Sources */,
				BA7D678F17718F88003A09A3 /* UIActionSheet+Blocks.m in Sources */,
				BA7D679017718F88003A09A3 /* UIAlertView+Blocks.m in Sources */,
			);
			runOnlyForDeploymentPostprocessing = 0;
		};
/* End PBXSourcesBuildPhase section */

/* Begin PBXVariantGroup section */
		BA5A2662172A2E76006B5B25 /* InfoPlist.strings */ = {
			isa = PBXVariantGroup;
			children = (
				BA5A2663172A2E76006B5B25 /* en */,
			);
			name = InfoPlist.strings;
			sourceTree = "<group>";
		};
		BA5A2674172A2E76006B5B25 /* ViewController_iPhone.xib */ = {
			isa = PBXVariantGroup;
			children = (
				BA5A2675172A2E76006B5B25 /* en */,
			);
			name = ViewController_iPhone.xib;
			sourceTree = "<group>";
		};
		BA5A2677172A2E76006B5B25 /* ViewController_iPad.xib */ = {
			isa = PBXVariantGroup;
			children = (
				BA5A2678172A2E76006B5B25 /* en */,
			);
			name = ViewController_iPad.xib;
			sourceTree = "<group>";
		};
/* End PBXVariantGroup section */

/* Begin XCBuildConfiguration section */
		BA5A267A172A2E76006B5B25 /* Debug */ = {
			isa = XCBuildConfiguration;
			buildSettings = {
				ALWAYS_SEARCH_USER_PATHS = NO;
				CLANG_CXX_LANGUAGE_STANDARD = "gnu++0x";
				CLANG_CXX_LIBRARY = "libc++";
				CLANG_ENABLE_OBJC_ARC = YES;
				CLANG_WARN_CONSTANT_CONVERSION = YES;
				CLANG_WARN_EMPTY_BODY = YES;
				CLANG_WARN_ENUM_CONVERSION = YES;
				CLANG_WARN_INT_CONVERSION = YES;
				CLANG_WARN__DUPLICATE_METHOD_MATCH = YES;
				"CODE_SIGN_IDENTITY[sdk=iphoneos*]" = "iPhone Developer";
				COPY_PHASE_STRIP = NO;
				GCC_C_LANGUAGE_STANDARD = gnu99;
				GCC_DYNAMIC_NO_PIC = NO;
				GCC_OPTIMIZATION_LEVEL = 0;
				GCC_PREPROCESSOR_DEFINITIONS = (
					"DEBUG=1",
					"$(inherited)",
				);
				GCC_SYMBOLS_PRIVATE_EXTERN = NO;
				GCC_WARN_ABOUT_RETURN_TYPE = YES;
				GCC_WARN_UNINITIALIZED_AUTOS = YES;
				GCC_WARN_UNUSED_VARIABLE = YES;
				IPHONEOS_DEPLOYMENT_TARGET = 6.1;
				ONLY_ACTIVE_ARCH = YES;
				SDKROOT = iphoneos;
				TARGETED_DEVICE_FAMILY = "1,2";
			};
			name = Debug;
		};
		BA5A267B172A2E76006B5B25 /* Release */ = {
			isa = XCBuildConfiguration;
			buildSettings = {
				ALWAYS_SEARCH_USER_PATHS = NO;
				CLANG_CXX_LANGUAGE_STANDARD = "gnu++0x";
				CLANG_CXX_LIBRARY = "libc++";
				CLANG_ENABLE_OBJC_ARC = YES;
				CLANG_WARN_CONSTANT_CONVERSION = YES;
				CLANG_WARN_EMPTY_BODY = YES;
				CLANG_WARN_ENUM_CONVERSION = YES;
				CLANG_WARN_INT_CONVERSION = YES;
				CLANG_WARN__DUPLICATE_METHOD_MATCH = YES;
				"CODE_SIGN_IDENTITY[sdk=iphoneos*]" = "iPhone Developer";
				COPY_PHASE_STRIP = YES;
				GCC_C_LANGUAGE_STANDARD = gnu99;
				GCC_WARN_ABOUT_RETURN_TYPE = YES;
				GCC_WARN_UNINITIALIZED_AUTOS = YES;
				GCC_WARN_UNUSED_VARIABLE = YES;
				IPHONEOS_DEPLOYMENT_TARGET = 6.1;
				OTHER_CFLAGS = "-DNS_BLOCK_ASSERTIONS=1";
				SDKROOT = iphoneos;
				TARGETED_DEVICE_FAMILY = "1,2";
				VALIDATE_PRODUCT = YES;
			};
			name = Release;
		};
		BA5A267D172A2E76006B5B25 /* Debug */ = {
			isa = XCBuildConfiguration;
			buildSettings = {
				CODE_SIGN_IDENTITY = "iPhone Developer";
				"CODE_SIGN_IDENTITY[sdk=iphoneos*]" = "iPhone Developer";
				GCC_PRECOMPILE_PREFIX_HEADER = YES;
				GCC_PREFIX_HEADER = "AppKeyz Sample Application/AppKeyz Sample Application-Prefix.pch";
				INFOPLIST_FILE = "AppKeyz Sample Application/AppKeyz Sample Application-Info.plist";
				IPHONEOS_DEPLOYMENT_TARGET = 5.1;
				PRODUCT_NAME = "$(TARGET_NAME)";
				PROVISIONING_PROFILE = "";
				"PROVISIONING_PROFILE[sdk=iphoneos*]" = "";
				WRAPPER_EXTENSION = app;
			};
			name = Debug;
		};
		BA5A267E172A2E76006B5B25 /* Release */ = {
			isa = XCBuildConfiguration;
			buildSettings = {
				CODE_SIGN_IDENTITY = "iPhone Distribution";
				"CODE_SIGN_IDENTITY[sdk=iphoneos*]" = "iPhone Distribution";
				GCC_PRECOMPILE_PREFIX_HEADER = YES;
				GCC_PREFIX_HEADER = "AppKeyz Sample Application/AppKeyz Sample Application-Prefix.pch";
				INFOPLIST_FILE = "AppKeyz Sample Application/AppKeyz Sample Application-Info.plist";
				IPHONEOS_DEPLOYMENT_TARGET = 5.1;
				PRODUCT_NAME = "$(TARGET_NAME)";
				PROVISIONING_PROFILE = "";
				"PROVISIONING_PROFILE[sdk=iphoneos*]" = "";
				WRAPPER_EXTENSION = app;
			};
			name = Release;
		};
/* End XCBuildConfiguration section */

/* Begin XCConfigurationList section */
		BA5A2651172A2E75006B5B25 /* Build configuration list for PBXProject "AppKeyz Sample Application" */ = {
			isa = XCConfigurationList;
			buildConfigurations = (
				BA5A267A172A2E76006B5B25 /* Debug */,
				BA5A267B172A2E76006B5B25 /* Release */,
			);
			defaultConfigurationIsVisible = 0;
			defaultConfigurationName = Release;
		};
		BA5A267C172A2E76006B5B25 /* Build configuration list for PBXNativeTarget "AppKeyz Sample Application" */ = {
			isa = XCConfigurationList;
			buildConfigurations = (
				BA5A267D172A2E76006B5B25 /* Debug */,
				BA5A267E172A2E76006B5B25 /* Release */,
			);
			defaultConfigurationIsVisible = 0;
			defaultConfigurationName = Release;
		};
/* End XCConfigurationList section */
	};
	rootObject = BA5A264E172A2E75006B5B25 /* Project object */;
}
