// !$*UTF8*$!
{
	archiveVersion = 1;
	classes = {
	};
	objectVersion = 46;
	objects = {

/* Begin PBXBuildFile section */
		BA5A265A172A2E76006B5B25 /* UIKit.framework in Frameworks */ = {isa = PBXBuildFile; fileRef = BA5A2659172A2E76006B5B25 /* UIKit.framework */; };
		BA5A265C172A2E76006B5B25 /* Foundation.framework in Frameworks */ = {isa = PBXBuildFile; fileRef = BA5A265B172A2E76006B5B25 /* Foundation.framework */; };
		BA5A265E172A2E76006B5B25 /* CoreGraphics.framework in Frameworks */ = {isa = PBXBuildFile; fileRef = BA5A265D172A2E76006B5B25 /* CoreGraphics.framework */; };
		BA5A2664172A2E76006B5B25 /* InfoPlist.strings in Resources */ = {isa = PBXBuildFile; fileRef = BA5A2662172A2E76006B5B25 /* InfoPlist.strings */; };
		BA5A2666172A2E76006B5B25 /* main.m in Sources */ = {isa = PBXBuildFile; fileRef = BA5A2665172A2E76006B5B25 /* main.m */; };
		BA5A266A172A2E76006B5B25 /* AppDelegate.m in Sources */ = {isa = PBXBuildFile; fileRef = BA5A2669172A2E76006B5B25 /* AppDelegate.m */; };
		BA5A266C172A2E76006B5B25 /* Default.png in Resources */ = {isa = PBXBuildFile; fileRef = BA5A266B172A2E76006B5B25 /* Default.png */; };
		BA5A266E172A2E76006B5B25 /* Default@2x.png in Resources */ = {isa = PBXBuildFile; fileRef = BA5A266D172A2E76006B5B25 /* Default@2x.png */; };
		BA5A2670172A2E76006B5B25 /* Default-568h@2x.png in Resources */ = {isa = PBXBuildFile; fileRef = BA5A266F172A2E76006B5B25 /* Default-568h@2x.png */; };
		BA5A2673172A2E76006B5B25 /* ViewController.m in Sources */ = {isa = PBXBuildFile; fileRef = BA5A2672172A2E76006B5B25 /* ViewController.m */; };
		BA5A2676172A2E76006B5B25 /* ViewController_iPhone.xib in Resources */ = {isa = PBXBuildFile; fileRef = BA5A2674172A2E76006B5B25 /* ViewController_iPhone.xib */; };
		BA5A2679172A2E76006B5B25 /* ViewController_iPad.xib in Resources */ = {isa = PBXBuildFile; fileRef = BA5A2677172A2E76006B5B25 /* ViewController_iPad.xib */; };
		BA5A2742172A368C006B5B25 /* AFHTTPClient.m in Sources */ = {isa = PBXBuildFile; fileRef = BA5A2728172A368C006B5B25 /* AFHTTPClient.m */; };
		BA5A2743172A368C006B5B25 /* AFHTTPRequestOperation.m in Sources */ = {isa = PBXBuildFile; fileRef = BA5A272A172A368C006B5B25 /* AFHTTPRequestOperation.m */; };
		BA5A2744172A368C006B5B25 /* AFImageRequestOperation.m in Sources */ = {isa = PBXBuildFile; fileRef = BA5A272C172A368C006B5B25 /* AFImageRequestOperation.m */; };
		BA5A2745172A368C006B5B25 /* AFJSONRequestOperation.m in Sources */ = {isa = PBXBuildFile; fileRef = BA5A272E172A368C006B5B25 /* AFJSONRequestOperation.m */; };
		BA5A2746172A368C006B5B25 /* AFNetworkActivityIndicatorManager.m in Sources */ = {isa = PBXBuildFile; fileRef = BA5A2730172A368C006B5B25 /* AFNetworkActivityIndicatorManager.m */; };
		BA5A2747172A368C006B5B25 /* AFPropertyListRequestOperation.m in Sources */ = {isa = PBXBuildFile; fileRef = BA5A2733172A368C006B5B25 /* AFPropertyListRequestOperation.m */; };
		BA5A2748172A368C006B5B25 /* AFURLConnectionOperation.m in Sources */ = {isa = PBXBuildFile; fileRef = BA5A2735172A368C006B5B25 /* AFURLConnectionOperation.m */; };
		BA5A2749172A368C006B5B25 /* AFXMLRequestOperation.m in Sources */ = {isa = PBXBuildFile; fileRef = BA5A2737172A368C006B5B25 /* AFXMLRequestOperation.m */; };
		BA5A274A172A368C006B5B25 /* UIImageView+AFNetworking.m in Sources */ = {isa = PBXBuildFile; fileRef = BA5A2739172A368C006B5B25 /* UIImageView+AFNetworking.m */; };
		BA5A274B172A368C006B5B25 /* LICENSE in Resources */ = {isa = PBXBuildFile; fileRef = BA5A273A172A368C006B5B25 /* LICENSE */; };
		BA5A274C172A368C006B5B25 /* README.md in Resources */ = {isa = PBXBuildFile; fileRef = BA5A273B172A368C006B5B25 /* README.md */; };
		BA5A274D172A368C006B5B25 /* AppKeyz.m in Sources */ = {isa = PBXBuildFile; fileRef = BA5A273D172A368C006B5B25 /* AppKeyz.m */; };
		BA5A277B172DB20C006B5B25 /* NSString+MD5Addition.m in Sources */ = {isa = PBXBuildFile; fileRef = BA5A2778172DB20C006B5B25 /* NSString+MD5Addition.m */; };
		BA5A277C172DB20C006B5B25 /* UIDevice+IdentifierAddition.m in Sources */ = {isa = PBXBuildFile; fileRef = BA5A277A172DB20C006B5B25 /* UIDevice+IdentifierAddition.m */; };
/* End PBXBuildFile section */

/* Begin PBXFileReference section */
		BA5A2656172A2E76006B5B25 /* AppKeyz Sample Application.app */ = {isa = PBXFileReference; explicitFileType = wrapper.application; includeInIndex = 0; path = "AppKeyz Sample Application.app"; sourceTree = BUILT_PRODUCTS_DIR; };
		BA5A2659172A2E76006B5B25 /* UIKit.framework */ = {isa = PBXFileReference; lastKnownFileType = wrapper.framework; name = UIKit.framework; path = System/Library/Frameworks/UIKit.framework; sourceTree = SDKROOT; };
		BA5A265B172A2E76006B5B25 /* Foundation.framework */ = {isa = PBXFileReference; lastKnownFileType = wrapper.framework; name = Foundation.framework; path = System/Library/Frameworks/Foundation.framework; sourceTree = SDKROOT; };
		BA5A265D172A2E76006B5B25 /* CoreGraphics.framework */ = {isa = PBXFileReference; lastKnownFileType = wrapper.framework; name = CoreGraphics.framework; path = System/Library/Frameworks/CoreGraphics.framework; sourceTree = SDKROOT; };
		BA5A2661172A2E76006B5B25 /* AppKeyz Sample Application-Info.plist */ = {isa = PBXFileReference; lastKnownFileType = text.plist.xml; path = "AppKeyz Sample Application-Info.plist"; sourceTree = "<group>"; };
		BA5A2663172A2E76006B5B25 /* en */ = {isa = PBXFileReference; lastKnownFileType = text.plist.strings; name = en; path = en.lproj/InfoPlist.strings; sourceTree = "<group>"; };
		BA5A2665172A2E76006B5B25 /* main.m */ = {isa = PBXFileReference; lastKnownFileType = sourcecode.c.objc; path = main.m; sourceTree = "<group>"; };
		BA5A2667172A2E76006B5B25 /* AppKeyz Sample Application-Prefix.pch */ = {isa = PBXFileReference; lastKnownFileType = sourcecode.c.h; path = "AppKeyz Sample Application-Prefix.pch"; sourceTree = "<group>"; };
		BA5A2668172A2E76006B5B25 /* AppDelegate.h */ = {isa = PBXFileReference; lastKnownFileType = sourcecode.c.h; path = AppDelegate.h; sourceTree = "<group>"; };
		BA5A2669172A2E76006B5B25 /* AppDelegate.m */ = {isa = PBXFileReference; lastKnownFileType = sourcecode.c.objc; path = AppDelegate.m; sourceTree = "<group>"; };
		BA5A266B172A2E76006B5B25 /* Default.png */ = {isa = PBXFileReference; lastKnownFileType = image.png; path = Default.png; sourceTree = "<group>"; };
		BA5A266D172A2E76006B5B25 /* Default@2x.png */ = {isa = PBXFileReference; lastKnownFileType = image.png; path = "Default@2x.png"; sourceTree = "<group>"; };
		BA5A266F172A2E76006B5B25 /* Default-568h@2x.png */ = {isa = PBXFileReference; lastKnownFileType = image.png; path = "Default-568h@2x.png"; sourceTree = "<group>"; };
		BA5A2671172A2E76006B5B25 /* ViewController.h */ = {isa = PBXFileReference; lastKnownFileType = sourcecode.c.h; path = ViewController.h; sourceTree = "<group>"; };
		BA5A2672172A2E76006B5B25 /* ViewController.m */ = {isa = PBXFileReference; lastKnownFileType = sourcecode.c.objc; path = ViewController.m; sourceTree = "<group>"; };
		BA5A2675172A2E76006B5B25 /* en */ = {isa = PBXFileReference; lastKnownFileType = file.xib; name = en; path = en.lproj/ViewController_iPhone.xib; sourceTree = "<group>"; };
		BA5A2678172A2E76006B5B25 /* en */ = {isa = PBXFileReference; lastKnownFileType = file.xib; name = en; path = en.lproj/ViewController_iPad.xib; sourceTree = "<group>"; };
		BA5A2727172A368C006B5B25 /* AFHTTPClient.h */ = {isa = PBXFileReference; fileEncoding = 4; lastKnownFileType = sourcecode.c.h; path = AFHTTPClient.h; sourceTree = "<group>"; };
		BA5A2728172A368C006B5B25 /* AFHTTPClient.m */ = {isa = PBXFileReference; fileEncoding = 4; lastKnownFileType = sourcecode.c.objc; path = AFHTTPClient.m; sourceTree = "<group>"; };
		BA5A2729172A368C006B5B25 /* AFHTTPRequestOperation.h */ = {isa = PBXFileReference; fileEncoding = 4; lastKnownFileType = sourcecode.c.h; path = AFHTTPRequestOperation.h; sourceTree = "<group>"; };
		BA5A272A172A368C006B5B25 /* AFHTTPRequestOperation.m */ = {isa = PBXFileReference; fileEncoding = 4; lastKnownFileType = sourcecode.c.objc; path = AFHTTPRequestOperation.m; sourceTree = "<group>"; };
		BA5A272B172A368C006B5B25 /* AFImageRequestOperation.h */ = {isa = PBXFileReference; fileEncoding = 4; lastKnownFileType = sourcecode.c.h; path = AFImageRequestOperation.h; sourceTree = "<group>"; };
		BA5A272C172A368C006B5B25 /* AFImageRequestOperation.m */ = {isa = PBXFileReference; fileEncoding = 4; lastKnownFileType = sourcecode.c.objc; path = AFImageRequestOperation.m; sourceTree = "<group>"; };
		BA5A272D172A368C006B5B25 /* AFJSONRequestOperation.h */ = {isa = PBXFileReference; fileEncoding = 4; lastKnownFileType = sourcecode.c.h; path = AFJSONRequestOperation.h; sourceTree = "<group>"; };
		BA5A272E172A368C006B5B25 /* AFJSONRequestOperation.m */ = {isa = PBXFileReference; fileEncoding = 4; lastKnownFileType = sourcecode.c.objc; path = AFJSONRequestOperation.m; sourceTree = "<group>"; };
		BA5A272F172A368C006B5B25 /* AFNetworkActivityIndicatorManager.h */ = {isa = PBXFileReference; fileEncoding = 4; lastKnownFileType = sourcecode.c.h; path = AFNetworkActivityIndicatorManager.h; sourceTree = "<group>"; };
		BA5A2730172A368C006B5B25 /* AFNetworkActivityIndicatorManager.m */ = {isa = PBXFileReference; fileEncoding = 4; lastKnownFileType = sourcecode.c.objc; path = AFNetworkActivityIndicatorManager.m; sourceTree = "<group>"; };
		BA5A2731172A368C006B5B25 /* AFNetworking.h */ = {isa = PBXFileReference; fileEncoding = 4; lastKnownFileType = sourcecode.c.h; path = AFNetworking.h; sourceTree = "<group>"; };
		BA5A2732172A368C006B5B25 /* AFPropertyListRequestOperation.h */ = {isa = PBXFileReference; fileEncoding = 4; lastKnownFileType = sourcecode.c.h; path = AFPropertyListRequestOperation.h; sourceTree = "<group>"; };
		BA5A2733172A368C006B5B25 /* AFPropertyListRequestOperation.m */ = {isa = PBXFileReference; fileEncoding = 4; lastKnownFileType = sourcecode.c.objc; path = AFPropertyListRequestOperation.m; sourceTree = "<group>"; };
		BA5A2734172A368C006B5B25 /* AFURLConnectionOperation.h */ = {isa = PBXFileReference; fileEncoding = 4; lastKnownFileType = sourcecode.c.h; path = AFURLConnectionOperation.h; sourceTree = "<group>"; };
		BA5A2735172A368C006B5B25 /* AFURLConnectionOperation.m */ = {isa = PBXFileReference; fileEncoding = 4; lastKnownFileType = sourcecode.c.objc; path = AFURLConnectionOperation.m; sourceTree = "<group>"; };
		BA5A2736172A368C006B5B25 /* AFXMLRequestOperation.h */ = {isa = PBXFileReference; fileEncoding = 4; lastKnownFileType = sourcecode.c.h; path = AFXMLRequestOperation.h; sourceTree = "<group>"; };
		BA5A2737172A368C006B5B25 /* AFXMLRequestOperation.m */ = {isa = PBXFileReference; fileEncoding = 4; lastKnownFileType = sourcecode.c.objc; path = AFXMLRequestOperation.m; sourceTree = "<group>"; };
		BA5A2738172A368C006B5B25 /* UIImageView+AFNetworking.h */ = {isa = PBXFileReference; fileEncoding = 4; lastKnownFileType = sourcecode.c.h; path = "UIImageView+AFNetworking.h"; sourceTree = "<group>"; };
		BA5A2739172A368C006B5B25 /* UIImageView+AFNetworking.m */ = {isa = PBXFileReference; fileEncoding = 4; lastKnownFileType = sourcecode.c.objc; path = "UIImageView+AFNetworking.m"; sourceTree = "<group>"; };
		BA5A273A172A368C006B5B25 /* LICENSE */ = {isa = PBXFileReference; fileEncoding = 4; lastKnownFileType = text; path = LICENSE; sourceTree = "<group>"; };
		BA5A273B172A368C006B5B25 /* README.md */ = {isa = PBXFileReference; fileEncoding = 4; lastKnownFileType = text; path = README.md; sourceTree = "<group>"; };
		BA5A273C172A368C006B5B25 /* AppKeyz.h */ = {isa = PBXFileReference; fileEncoding = 4; lastKnownFileType = sourcecode.c.h; path = AppKeyz.h; sourceTree = "<group>"; };
		BA5A273D172A368C006B5B25 /* AppKeyz.m */ = {isa = PBXFileReference; fileEncoding = 4; lastKnownFileType = sourcecode.c.objc; path = AppKeyz.m; sourceTree = "<group>"; };
		BA5A2777172DB20C006B5B25 /* NSString+MD5Addition.h */ = {isa = PBXFileReference; fileEncoding = 4; lastKnownFileType = sourcecode.c.h; path = "NSString+MD5Addition.h"; sourceTree = "<group>"; };
		BA5A2778172DB20C006B5B25 /* NSString+MD5Addition.m */ = {isa = PBXFileReference; fileEncoding = 4; lastKnownFileType = sourcecode.c.objc; path = "NSString+MD5Addition.m"; sourceTree = "<group>"; };
		BA5A2779172DB20C006B5B25 /* UIDevice+IdentifierAddition.h */ = {isa = PBXFileReference; fileEncoding = 4; lastKnownFileType = sourcecode.c.h; path = "UIDevice+IdentifierAddition.h"; sourceTree = "<group>"; };
		BA5A277A172DB20C006B5B25 /* UIDevice+IdentifierAddition.m */ = {isa = PBXFileReference; fileEncoding = 4; lastKnownFileType = sourcecode.c.objc; path = "UIDevice+IdentifierAddition.m"; sourceTree = "<group>"; };
/* End PBXFileReference section */

/* Begin PBXFrameworksBuildPhase section */
		BA5A2653172A2E76006B5B25 /* Frameworks */ = {
			isa = PBXFrameworksBuildPhase;
			buildActionMask = 2147483647;
			files = (
				BA5A265A172A2E76006B5B25 /* UIKit.framework in Frameworks */,
				BA5A265C172A2E76006B5B25 /* Foundation.framework in Frameworks */,
				BA5A265E172A2E76006B5B25 /* CoreGraphics.framework in Frameworks */,
			);
			runOnlyForDeploymentPostprocessing = 0;
		};
/* End PBXFrameworksBuildPhase section */

/* Begin PBXGroup section */
		BA5A264D172A2E75006B5B25 = {
			isa = PBXGroup;
			children = (
				BA5A2724172A368C006B5B25 /* AppKeyz */,
				BA5A2686172A2F6E006B5B25 /* AppKeyzSuite */,
				BA5A265F172A2E76006B5B25 /* AppKeyz Sample Application */,
				BA5A2658172A2E76006B5B25 /* Frameworks */,
				BA5A2657172A2E76006B5B25 /* Products */,
			);
			sourceTree = "<group>";
		};
		BA5A2657172A2E76006B5B25 /* Products */ = {
			isa = PBXGroup;
			children = (
				BA5A2656172A2E76006B5B25 /* AppKeyz Sample Application.app */,
			);
			name = Products;
			sourceTree = "<group>";
		};
		BA5A2658172A2E76006B5B25 /* Frameworks */ = {
			isa = PBXGroup;
			children = (
				BA5A2659172A2E76006B5B25 /* UIKit.framework */,
				BA5A265B172A2E76006B5B25 /* Foundation.framework */,
				BA5A265D172A2E76006B5B25 /* CoreGraphics.framework */,
			);
			name = Frameworks;
			sourceTree = "<group>";
		};
		BA5A265F172A2E76006B5B25 /* AppKeyz Sample Application */ = {
			isa = PBXGroup;
			children = (
				BA5A2668172A2E76006B5B25 /* AppDelegate.h */,
				BA5A2669172A2E76006B5B25 /* AppDelegate.m */,
				BA5A2671172A2E76006B5B25 /* ViewController.h */,
				BA5A2672172A2E76006B5B25 /* ViewController.m */,
				BA5A2674172A2E76006B5B25 /* ViewController_iPhone.xib */,
				BA5A2677172A2E76006B5B25 /* ViewController_iPad.xib */,
				BA5A2660172A2E76006B5B25 /* Supporting Files */,
			);
			path = "AppKeyz Sample Application";
			sourceTree = "<group>";
		};
		BA5A2660172A2E76006B5B25 /* Supporting Files */ = {
			isa = PBXGroup;
			children = (
				BA5A2661172A2E76006B5B25 /* AppKeyz Sample Application-Info.plist */,
				BA5A2662172A2E76006B5B25 /* InfoPlist.strings */,
				BA5A2665172A2E76006B5B25 /* main.m */,
				BA5A2667172A2E76006B5B25 /* AppKeyz Sample Application-Prefix.pch */,
				BA5A266B172A2E76006B5B25 /* Default.png */,
				BA5A266D172A2E76006B5B25 /* Default@2x.png */,
				BA5A266F172A2E76006B5B25 /* Default-568h@2x.png */,
			);
			name = "Supporting Files";
			sourceTree = "<group>";
		};
		BA5A2686172A2F6E006B5B25 /* AppKeyzSuite */ = {
			isa = PBXGroup;
			children = (
			);
			path = AppKeyzSuite;
			sourceTree = "<group>";
		};
		BA5A2724172A368C006B5B25 /* AppKeyz */ = {
			isa = PBXGroup;
			children = (
				BA5A2776172DB20C006B5B25 /* UIDevice-with-UniqueIdentifier-for-iOS-5 */,
				BA5A2725172A368C006B5B25 /* AFNetworking */,
				BA5A273C172A368C006B5B25 /* AppKeyz.h */,
				BA5A273D172A368C006B5B25 /* AppKeyz.m */,
			);
			path = AppKeyz;
			sourceTree = "<group>";
		};
		BA5A2725172A368C006B5B25 /* AFNetworking */ = {
			isa = PBXGroup;
			children = (
				BA5A2726172A368C006B5B25 /* AFNetworking */,
				BA5A273A172A368C006B5B25 /* LICENSE */,
				BA5A273B172A368C006B5B25 /* README.md */,
			);
			path = AFNetworking;
			sourceTree = "<group>";
		};
		BA5A2726172A368C006B5B25 /* AFNetworking */ = {
			isa = PBXGroup;
			children = (
				BA5A2727172A368C006B5B25 /* AFHTTPClient.h */,
				BA5A2728172A368C006B5B25 /* AFHTTPClient.m */,
				BA5A2729172A368C006B5B25 /* AFHTTPRequestOperation.h */,
				BA5A272A172A368C006B5B25 /* AFHTTPRequestOperation.m */,
				BA5A272B172A368C006B5B25 /* AFImageRequestOperation.h */,
				BA5A272C172A368C006B5B25 /* AFImageRequestOperation.m */,
				BA5A272D172A368C006B5B25 /* AFJSONRequestOperation.h */,
				BA5A272E172A368C006B5B25 /* AFJSONRequestOperation.m */,
				BA5A272F172A368C006B5B25 /* AFNetworkActivityIndicatorManager.h */,
				BA5A2730172A368C006B5B25 /* AFNetworkActivityIndicatorManager.m */,
				BA5A2731172A368C006B5B25 /* AFNetworking.h */,
				BA5A2732172A368C006B5B25 /* AFPropertyListRequestOperation.h */,
				BA5A2733172A368C006B5B25 /* AFPropertyListRequestOperation.m */,
				BA5A2734172A368C006B5B25 /* AFURLConnectionOperation.h */,
				BA5A2735172A368C006B5B25 /* AFURLConnectionOperation.m */,
				BA5A2736172A368C006B5B25 /* AFXMLRequestOperation.h */,
				BA5A2737172A368C006B5B25 /* AFXMLRequestOperation.m */,
				BA5A2738172A368C006B5B25 /* UIImageView+AFNetworking.h */,
				BA5A2739172A368C006B5B25 /* UIImageView+AFNetworking.m */,
			);
			path = AFNetworking;
			sourceTree = "<group>";
		};
		BA5A2776172DB20C006B5B25 /* UIDevice-with-UniqueIdentifier-for-iOS-5 */ = {
			isa = PBXGroup;
			children = (
				BA5A2777172DB20C006B5B25 /* NSString+MD5Addition.h */,
				BA5A2778172DB20C006B5B25 /* NSString+MD5Addition.m */,
				BA5A2779172DB20C006B5B25 /* UIDevice+IdentifierAddition.h */,
				BA5A277A172DB20C006B5B25 /* UIDevice+IdentifierAddition.m */,
			);
			path = "UIDevice-with-UniqueIdentifier-for-iOS-5";
			sourceTree = "<group>";
		};
/* End PBXGroup section */

/* Begin PBXNativeTarget section */
		BA5A2655172A2E76006B5B25 /* AppKeyz Sample Application */ = {
			isa = PBXNativeTarget;
			buildConfigurationList = BA5A267C172A2E76006B5B25 /* Build configuration list for PBXNativeTarget "AppKeyz Sample Application" */;
			buildPhases = (
				BA5A2652172A2E76006B5B25 /* Sources */,
				BA5A2653172A2E76006B5B25 /* Frameworks */,
				BA5A2654172A2E76006B5B25 /* Resources */,
			);
			buildRules = (
			);
			dependencies = (
			);
			name = "AppKeyz Sample Application";
			productName = "AppKeyz Sample Application";
			productReference = BA5A2656172A2E76006B5B25 /* AppKeyz Sample Application.app */;
			productType = "com.apple.product-type.application";
		};
/* End PBXNativeTarget section */

/* Begin PBXProject section */
		BA5A264E172A2E75006B5B25 /* Project object */ = {
			isa = PBXProject;
			attributes = {
				LastUpgradeCheck = 0460;
				ORGANIZATIONNAME = "App Keyz";
			};
			buildConfigurationList = BA5A2651172A2E75006B5B25 /* Build configuration list for PBXProject "AppKeyz Sample Application" */;
			compatibilityVersion = "Xcode 3.2";
			developmentRegion = English;
			hasScannedForEncodings = 0;
			knownRegions = (
				en,
			);
			mainGroup = BA5A264D172A2E75006B5B25;
			productRefGroup = BA5A2657172A2E76006B5B25 /* Products */;
			projectDirPath = "";
			projectRoot = "";
			targets = (
				BA5A2655172A2E76006B5B25 /* AppKeyz Sample Application */,
			);
		};
/* End PBXProject section */

/* Begin PBXResourcesBuildPhase section */
		BA5A2654172A2E76006B5B25 /* Resources */ = {
			isa = PBXResourcesBuildPhase;
			buildActionMask = 2147483647;
			files = (
				BA5A2664172A2E76006B5B25 /* InfoPlist.strings in Resources */,
				BA5A266C172A2E76006B5B25 /* Default.png in Resources */,
				BA5A266E172A2E76006B5B25 /* Default@2x.png in Resources */,
				BA5A2670172A2E76006B5B25 /* Default-568h@2x.png in Resources */,
				BA5A2676172A2E76006B5B25 /* ViewController_iPhone.xib in Resources */,
				BA5A2679172A2E76006B5B25 /* ViewController_iPad.xib in Resources */,
				BA5A274B172A368C006B5B25 /* LICENSE in Resources */,
				BA5A274C172A368C006B5B25 /* README.md in Resources */,
			);
			runOnlyForDeploymentPostprocessing = 0;
		};
/* End PBXResourcesBuildPhase section */

/* Begin PBXSourcesBuildPhase section */
		BA5A2652172A2E76006B5B25 /* Sources */ = {
			isa = PBXSourcesBuildPhase;
			buildActionMask = 2147483647;
			files = (
				BA5A2666172A2E76006B5B25 /* main.m in Sources */,
				BA5A266A172A2E76006B5B25 /* AppDelegate.m in Sources */,
				BA5A2673172A2E76006B5B25 /* ViewController.m in Sources */,
				BA5A2742172A368C006B5B25 /* AFHTTPClient.m in Sources */,
				BA5A2743172A368C006B5B25 /* AFHTTPRequestOperation.m in Sources */,
				BA5A2744172A368C006B5B25 /* AFImageRequestOperation.m in Sources */,
				BA5A2745172A368C006B5B25 /* AFJSONRequestOperation.m in Sources */,
				BA5A2746172A368C006B5B25 /* AFNetworkActivityIndicatorManager.m in Sources */,
				BA5A2747172A368C006B5B25 /* AFPropertyListRequestOperation.m in Sources */,
				BA5A2748172A368C006B5B25 /* AFURLConnectionOperation.m in Sources */,
				BA5A2749172A368C006B5B25 /* AFXMLRequestOperation.m in Sources */,
				BA5A274A172A368C006B5B25 /* UIImageView+AFNetworking.m in Sources */,
				BA5A274D172A368C006B5B25 /* AppKeyz.m in Sources */,
				BA5A277B172DB20C006B5B25 /* NSString+MD5Addition.m in Sources */,
				BA5A277C172DB20C006B5B25 /* UIDevice+IdentifierAddition.m in Sources */,
			);
			runOnlyForDeploymentPostprocessing = 0;
		};
/* End PBXSourcesBuildPhase section */

/* Begin PBXVariantGroup section */
		BA5A2662172A2E76006B5B25 /* InfoPlist.strings */ = {
			isa = PBXVariantGroup;
			children = (
				BA5A2663172A2E76006B5B25 /* en */,
			);
			name = InfoPlist.strings;
			sourceTree = "<group>";
		};
		BA5A2674172A2E76006B5B25 /* ViewController_iPhone.xib */ = {
			isa = PBXVariantGroup;
			children = (
				BA5A2675172A2E76006B5B25 /* en */,
			);
			name = ViewController_iPhone.xib;
			sourceTree = "<group>";
		};
		BA5A2677172A2E76006B5B25 /* ViewController_iPad.xib */ = {
			isa = PBXVariantGroup;
			children = (
				BA5A2678172A2E76006B5B25 /* en */,
			);
			name = ViewController_iPad.xib;
			sourceTree = "<group>";
		};
/* End PBXVariantGroup section */

/* Begin XCBuildConfiguration section */
		BA5A267A172A2E76006B5B25 /* Debug */ = {
			isa = XCBuildConfiguration;
			buildSettings = {
				ALWAYS_SEARCH_USER_PATHS = NO;
				CLANG_CXX_LANGUAGE_STANDARD = "gnu++0x";
				CLANG_CXX_LIBRARY = "libc++";
				CLANG_ENABLE_OBJC_ARC = YES;
				CLANG_WARN_CONSTANT_CONVERSION = YES;
				CLANG_WARN_EMPTY_BODY = YES;
				CLANG_WARN_ENUM_CONVERSION = YES;
				CLANG_WARN_INT_CONVERSION = YES;
				CLANG_WARN__DUPLICATE_METHOD_MATCH = YES;
				"CODE_SIGN_IDENTITY[sdk=iphoneos*]" = "iPhone Developer";
				COPY_PHASE_STRIP = NO;
				GCC_C_LANGUAGE_STANDARD = gnu99;
				GCC_DYNAMIC_NO_PIC = NO;
				GCC_OPTIMIZATION_LEVEL = 0;
				GCC_PREPROCESSOR_DEFINITIONS = (
					"DEBUG=1",
					"$(inherited)",
				);
				GCC_SYMBOLS_PRIVATE_EXTERN = NO;
				GCC_WARN_ABOUT_RETURN_TYPE = YES;
				GCC_WARN_UNINITIALIZED_AUTOS = YES;
				GCC_WARN_UNUSED_VARIABLE = YES;
				IPHONEOS_DEPLOYMENT_TARGET = 6.1;
				ONLY_ACTIVE_ARCH = YES;
				SDKROOT = iphoneos;
				TARGETED_DEVICE_FAMILY = "1,2";
			};
			name = Debug;
		};
		BA5A267B172A2E76006B5B25 /* Release */ = {
			isa = XCBuildConfiguration;
			buildSettings = {
				ALWAYS_SEARCH_USER_PATHS = NO;
				CLANG_CXX_LANGUAGE_STANDARD = "gnu++0x";
				CLANG_CXX_LIBRARY = "libc++";
				CLANG_ENABLE_OBJC_ARC = YES;
				CLANG_WARN_CONSTANT_CONVERSION = YES;
				CLANG_WARN_EMPTY_BODY = YES;
				CLANG_WARN_ENUM_CONVERSION = YES;
				CLANG_WARN_INT_CONVERSION = YES;
				CLANG_WARN__DUPLICATE_METHOD_MATCH = YES;
				"CODE_SIGN_IDENTITY[sdk=iphoneos*]" = "iPhone Developer";
				COPY_PHASE_STRIP = YES;
				GCC_C_LANGUAGE_STANDARD = gnu99;
				GCC_WARN_ABOUT_RETURN_TYPE = YES;
				GCC_WARN_UNINITIALIZED_AUTOS = YES;
				GCC_WARN_UNUSED_VARIABLE = YES;
				IPHONEOS_DEPLOYMENT_TARGET = 6.1;
				OTHER_CFLAGS = "-DNS_BLOCK_ASSERTIONS=1";
				SDKROOT = iphoneos;
				TARGETED_DEVICE_FAMILY = "1,2";
				VALIDATE_PRODUCT = YES;
			};
			name = Release;
		};
		BA5A267D172A2E76006B5B25 /* Debug */ = {
			isa = XCBuildConfiguration;
			buildSettings = {
				GCC_PRECOMPILE_PREFIX_HEADER = YES;
				GCC_PREFIX_HEADER = "AppKeyz Sample Application/AppKeyz Sample Application-Prefix.pch";
				INFOPLIST_FILE = "AppKeyz Sample Application/AppKeyz Sample Application-Info.plist";
				IPHONEOS_DEPLOYMENT_TARGET = 5.0;
				PRODUCT_NAME = "$(TARGET_NAME)";
				WRAPPER_EXTENSION = app;
			};
			name = Debug;
		};
		BA5A267E172A2E76006B5B25 /* Release */ = {
			isa = XCBuildConfiguration;
			buildSettings = {
				GCC_PRECOMPILE_PREFIX_HEADER = YES;
				GCC_PREFIX_HEADER = "AppKeyz Sample Application/AppKeyz Sample Application-Prefix.pch";
				INFOPLIST_FILE = "AppKeyz Sample Application/AppKeyz Sample Application-Info.plist";
				IPHONEOS_DEPLOYMENT_TARGET = 5.0;
				PRODUCT_NAME = "$(TARGET_NAME)";
				WRAPPER_EXTENSION = app;
			};
			name = Release;
		};
/* End XCBuildConfiguration section */

/* Begin XCConfigurationList section */
		BA5A2651172A2E75006B5B25 /* Build configuration list for PBXProject "AppKeyz Sample Application" */ = {
			isa = XCConfigurationList;
			buildConfigurations = (
				BA5A267A172A2E76006B5B25 /* Debug */,
				BA5A267B172A2E76006B5B25 /* Release */,
			);
			defaultConfigurationIsVisible = 0;
			defaultConfigurationName = Release;
		};
		BA5A267C172A2E76006B5B25 /* Build configuration list for PBXNativeTarget "AppKeyz Sample Application" */ = {
			isa = XCConfigurationList;
			buildConfigurations = (
				BA5A267D172A2E76006B5B25 /* Debug */,
				BA5A267E172A2E76006B5B25 /* Release */,
			);
			defaultConfigurationIsVisible = 0;
			defaultConfigurationName = Release;
		};
/* End XCConfigurationList section */
	};
	rootObject = BA5A264E172A2E75006B5B25 /* Project object */;
}
